// !$*UTF8*$!
{
	archiveVersion = 1;
	classes = {
	};
	objectVersion = 46;
	objects = {

/* Begin PBXBuildFile section */
		AD2097151E70ADD300F480AB /* AppDelegate.swift in Sources */ = {isa = PBXBuildFile; fileRef = AD2097141E70ADD300F480AB /* AppDelegate.swift */; };
		AD2097171E70ADD300F480AB /* ViewController.swift in Sources */ = {isa = PBXBuildFile; fileRef = AD2097161E70ADD300F480AB /* ViewController.swift */; };
		AD20971A1E70ADD300F480AB /* Main.storyboard in Resources */ = {isa = PBXBuildFile; fileRef = AD2097181E70ADD300F480AB /* Main.storyboard */; };
		AD20971C1E70ADD300F480AB /* Assets.xcassets in Resources */ = {isa = PBXBuildFile; fileRef = AD20971B1E70ADD300F480AB /* Assets.xcassets */; };
		AD20971F1E70ADD300F480AB /* LaunchScreen.storyboard in Resources */ = {isa = PBXBuildFile; fileRef = AD20971D1E70ADD300F480AB /* LaunchScreen.storyboard */; };
		AD2097271E70AE2D00F480AB /* RandomQuestionPicker.swift in Sources */ = {isa = PBXBuildFile; fileRef = AD2097261E70AE2D00F480AB /* RandomQuestionPicker.swift */; };
/* End PBXBuildFile section */

/* Begin PBXFileReference section */
		AD2097111E70ADD300F480AB /* FerrariQuizApp.app */ = {isa = PBXFileReference; explicitFileType = wrapper.application; includeInIndex = 0; path = FerrariQuizApp.app; sourceTree = BUILT_PRODUCTS_DIR; };
		AD2097141E70ADD300F480AB /* AppDelegate.swift */ = {isa = PBXFileReference; lastKnownFileType = sourcecode.swift; path = AppDelegate.swift; sourceTree = "<group>"; };
		AD2097161E70ADD300F480AB /* ViewController.swift */ = {isa = PBXFileReference; lastKnownFileType = sourcecode.swift; path = ViewController.swift; sourceTree = "<group>"; };
		AD2097191E70ADD300F480AB /* Base */ = {isa = PBXFileReference; lastKnownFileType = file.storyboard; name = Base; path = Base.lproj/Main.storyboard; sourceTree = "<group>"; };
		AD20971B1E70ADD300F480AB /* Assets.xcassets */ = {isa = PBXFileReference; lastKnownFileType = folder.assetcatalog; path = Assets.xcassets; sourceTree = "<group>"; };
		AD20971E1E70ADD300F480AB /* Base */ = {isa = PBXFileReference; lastKnownFileType = file.storyboard; name = Base; path = Base.lproj/LaunchScreen.storyboard; sourceTree = "<group>"; };
		AD2097201E70ADD300F480AB /* Info.plist */ = {isa = PBXFileReference; lastKnownFileType = text.plist.xml; path = Info.plist; sourceTree = "<group>"; };
		AD2097261E70AE2D00F480AB /* RandomQuestionPicker.swift */ = {isa = PBXFileReference; fileEncoding = 4; lastKnownFileType = sourcecode.swift; path = RandomQuestionPicker.swift; sourceTree = "<group>"; };
/* End PBXFileReference section */

/* Begin PBXFrameworksBuildPhase section */
		AD20970E1E70ADD200F480AB /* Frameworks */ = {
			isa = PBXFrameworksBuildPhase;
			buildActionMask = 2147483647;
			files = (
			);
			runOnlyForDeploymentPostprocessing = 0;
		};
/* End PBXFrameworksBuildPhase section */

/* Begin PBXGroup section */
		AD2097081E70ADD200F480AB = {
			isa = PBXGroup;
			children = (
				AD2097131E70ADD300F480AB /* FerrariQuizApp */,
				AD2097121E70ADD300F480AB /* Products */,
			);
			sourceTree = "<group>";
		};
		AD2097121E70ADD300F480AB /* Products */ = {
			isa = PBXGroup;
			children = (
				AD2097111E70ADD300F480AB /* FerrariQuizApp.app */,
			);
			name = Products;
			sourceTree = "<group>";
		};
		AD2097131E70ADD300F480AB /* FerrariQuizApp */ = {
			isa = PBXGroup;
			children = (
				AD2097141E70ADD300F480AB /* AppDelegate.swift */,
				AD2097161E70ADD300F480AB /* ViewController.swift */,
				AD2097261E70AE2D00F480AB /* RandomQuestionPicker.swift */,
				AD2097181E70ADD300F480AB /* Main.storyboard */,
				AD20971B1E70ADD300F480AB /* Assets.xcassets */,
				AD20971D1E70ADD300F480AB /* LaunchScreen.storyboard */,
				AD2097201E70ADD300F480AB /* Info.plist */,
			);
			path = FerrariQuizApp;
			sourceTree = "<group>";
		};
/* End PBXGroup section */

/* Begin PBXNativeTarget section */
		AD2097101E70ADD200F480AB /* FerrariQuizApp */ = {
			isa = PBXNativeTarget;
			buildConfigurationList = AD2097231E70ADD300F480AB /* Build configuration list for PBXNativeTarget "FerrariQuizApp" */;
			buildPhases = (
				AD20970D1E70ADD200F480AB /* Sources */,
				AD20970E1E70ADD200F480AB /* Frameworks */,
				AD20970F1E70ADD200F480AB /* Resources */,
			);
			buildRules = (
			);
			dependencies = (
			);
			name = FerrariQuizApp;
			productName = FerrariQuizApp;
			productReference = AD2097111E70ADD300F480AB /* FerrariQuizApp.app */;
			productType = "com.apple.product-type.application";
		};
/* End PBXNativeTarget section */

/* Begin PBXProject section */
		AD2097091E70ADD200F480AB /* Project object */ = {
			isa = PBXProject;
			attributes = {
				LastSwiftUpdateCheck = 0820;
				LastUpgradeCheck = 0820;
				ORGANIZATIONNAME = "Nathaniel Remy";
				TargetAttributes = {
					AD2097101E70ADD200F480AB = {
						CreatedOnToolsVersion = 8.2.1;
						DevelopmentTeam = 6ZT386G464;
						ProvisioningStyle = Automatic;
					};
				};
			};
			buildConfigurationList = AD20970C1E70ADD200F480AB /* Build configuration list for PBXProject "FerrariQuizApp" */;
			compatibilityVersion = "Xcode 3.2";
			developmentRegion = English;
			hasScannedForEncodings = 0;
			knownRegions = (
				en,
				Base,
			);
			mainGroup = AD2097081E70ADD200F480AB;
			productRefGroup = AD2097121E70ADD300F480AB /* Products */;
			projectDirPath = "";
			projectRoot = "";
			targets = (
				AD2097101E70ADD200F480AB /* FerrariQuizApp */,
			);
		};
/* End PBXProject section */

/* Begin PBXResourcesBuildPhase section */
		AD20970F1E70ADD200F480AB /* Resources */ = {
			isa = PBXResourcesBuildPhase;
			buildActionMask = 2147483647;
			files = (
				AD20971F1E70ADD300F480AB /* LaunchScreen.storyboard in Resources */,
				AD20971C1E70ADD300F480AB /* Assets.xcassets in Resources */,
				AD20971A1E70ADD300F480AB /* Main.storyboard in Resources */,
			);
			runOnlyForDeploymentPostprocessing = 0;
		};
/* End PBXResourcesBuildPhase section */

/* Begin PBXSourcesBuildPhase section */
		AD20970D1E70ADD200F480AB /* Sources */ = {
			isa = PBXSourcesBuildPhase;
			buildActionMask = 2147483647;
			files = (
				AD2097171E70ADD300F480AB /* ViewController.swift in Sources */,
				AD2097271E70AE2D00F480AB /* RandomQuestionPicker.swift in Sources */,
				AD2097151E70ADD300F480AB /* AppDelegate.swift in Sources */,
			);
			runOnlyForDeploymentPostprocessing = 0;
		};
/* End PBXSourcesBuildPhase section */

/* Begin PBXVariantGroup section */
		AD2097181E70ADD300F480AB /* Main.storyboard */ = {
			isa = PBXVariantGroup;
			children = (
				AD2097191E70ADD300F480AB /* Base */,
			);
			name = Main.storyboard;
			sourceTree = "<group>";
		};
		AD20971D1E70ADD300F480AB /* LaunchScreen.storyboard */ = {
			isa = PBXVariantGroup;
			children = (
				AD20971E1E70ADD300F480AB /* Base */,
			);
			name = LaunchScreen.storyboard;
			sourceTree = "<group>";
		};
/* End PBXVariantGroup section */

/* Begin XCBuildConfiguration section */
		AD2097211E70ADD300F480AB /* Debug */ = {
			isa = XCBuildConfiguration;
			buildSettings = {
				ALWAYS_SEARCH_USER_PATHS = NO;
				CLANG_ANALYZER_NONNULL = YES;
				CLANG_CXX_LANGUAGE_STANDARD = "gnu++0x";
				CLANG_CXX_LIBRARY = "libc++";
				CLANG_ENABLE_MODULES = YES;
				CLANG_ENABLE_OBJC_ARC = YES;
				CLANG_WARN_BOOL_CONVERSION = YES;
				CLANG_WARN_CONSTANT_CONVERSION = YES;
				CLANG_WARN_DIRECT_OBJC_ISA_USAGE = YES_ERROR;
				CLANG_WARN_DOCUMENTATION_COMMENTS = YES;
				CLANG_WARN_EMPTY_BODY = YES;
				CLANG_WARN_ENUM_CONVERSION = YES;
				CLANG_WARN_INFINITE_RECURSION = YES;
				CLANG_WARN_INT_CONVERSION = YES;
				CLANG_WARN_OBJC_ROOT_CLASS = YES_ERROR;
				CLANG_WARN_SUSPICIOUS_MOVE = YES;
				CLANG_WARN_UNREACHABLE_CODE = YES;
				CLANG_WARN__DUPLICATE_METHOD_MATCH = YES;
				"CODE_SIGN_IDENTITY[sdk=iphoneos*]" = "iPhone Developer";
				COPY_PHASE_STRIP = NO;
				DEBUG_INFORMATION_FORMAT = dwarf;
				ENABLE_STRICT_OBJC_MSGSEND = YES;
				ENABLE_TESTABILITY = YES;
				GCC_C_LANGUAGE_STANDARD = gnu99;
				GCC_DYNAMIC_NO_PIC = NO;
				GCC_NO_COMMON_BLOCKS = YES;
				GCC_OPTIMIZATION_LEVEL = 0;
				GCC_PREPROCESSOR_DEFINITIONS = (
					"DEBUG=1",
					"$(inherited)",
				);
				GCC_WARN_64_TO_32_BIT_CONVERSION = YES;
				GCC_WARN_ABOUT_RETURN_TYPE = YES_ERROR;
				GCC_WARN_UNDECLARED_SELECTOR = YES;
				GCC_WARN_UNINITIALIZED_AUTOS = YES_AGGRESSIVE;
				GCC_WARN_UNUSED_FUNCTION = YES;
				GCC_WARN_UNUSED_VARIABLE = YES;
				IPHONEOS_DEPLOYMENT_TARGET = 10.2;
				MTL_ENABLE_DEBUG_INFO = YES;
				ONLY_ACTIVE_ARCH = YES;
				SDKROOT = iphoneos;
				SWIFT_ACTIVE_COMPILATION_CONDITIONS = DEBUG;
				SWIFT_OPTIMIZATION_LEVEL = "-Onone";
			};
			name = Debug;
		};
		AD2097221E70ADD300F480AB /* Release */ = {
			isa = XCBuildConfiguration;
			buildSettings = {
				ALWAYS_SEARCH_USER_PATHS = NO;
				CLANG_ANALYZER_NONNULL = YES;
				CLANG_CXX_LANGUAGE_STANDARD = "gnu++0x";
				CLANG_CXX_LIBRARY = "libc++";
				CLANG_ENABLE_MODULES = YES;
				CLANG_ENABLE_OBJC_ARC = YES;
				CLANG_WARN_BOOL_CONVERSION = YES;
				CLANG_WARN_CONSTANT_CONVERSION = YES;
				CLANG_WARN_DIRECT_OBJC_ISA_USAGE = YES_ERROR;
				CLANG_WARN_DOCUMENTATION_COMMENTS = YES;
				CLANG_WARN_EMPTY_BODY = YES;
				CLANG_WARN_ENUM_CONVERSION = YES;
				CLANG_WARN_INFINITE_RECURSION = YES;
				CLANG_WARN_INT_CONVERSION = YES;
				CLANG_WARN_OBJC_ROOT_CLASS = YES_ERROR;
				CLANG_WARN_SUSPICIOUS_MOVE = YES;
				CLANG_WARN_UNREACHABLE_CODE = YES;
				CLANG_WARN__DUPLICATE_METHOD_MATCH = YES;
				"CODE_SIGN_IDENTITY[sdk=iphoneos*]" = "iPhone Developer";
				COPY_PHASE_STRIP = NO;
				DEBUG_INFORMATION_FORMAT = "dwarf-with-dsym";
				ENABLE_NS_ASSERTIONS = NO;
				ENABLE_STRICT_OBJC_MSGSEND = YES;
				GCC_C_LANGUAGE_STANDARD = gnu99;
				GCC_NO_COMMON_BLOCKS = YES;
				GCC_WARN_64_TO_32_BIT_CONVERSION = YES;
				GCC_WARN_ABOUT_RETURN_TYPE = YES_ERROR;
				GCC_WARN_UNDECLARED_SELECTOR = YES;
				GCC_WARN_UNINITIALIZED_AUTOS = YES_AGGRESSIVE;
				GCC_WARN_UNUSED_FUNCTION = YES;
				GCC_WARN_UNUSED_VARIABLE = YES;
				IPHONEOS_DEPLOYMENT_TARGET = 10.2;
				MTL_ENABLE_DEBUG_INFO = NO;
				SDKROOT = iphoneos;
				SWIFT_OPTIMIZATION_LEVEL = "-Owholemodule";
				VALIDATE_PRODUCT = YES;
			};
			name = Release;
		};
		AD2097241E70ADD300F480AB /* Debug */ = {
			isa = XCBuildConfiguration;
			buildSettings = {
				ASSETCATALOG_COMPILER_APPICON_NAME = AppIcon;
				DEVELOPMENT_TEAM = 6ZT386G464;
				INFOPLIST_FILE = FerrariQuizApp/Info.plist;
				LD_RUNPATH_SEARCH_PATHS = "$(inherited) @executable_path/Frameworks";
				PRODUCT_BUNDLE_IDENTIFIER = com.NathanielRemy.FerrariQuizApp;
				PRODUCT_NAME = "$(TARGET_NAME)";
				SWIFT_VERSION = 3.0;
			};
			name = Debug;
		};
		AD2097251E70ADD300F480AB /* Release */ = {
			isa = XCBuildConfiguration;
			buildSettings = {
				ASSETCATALOG_COMPILER_APPICON_NAME = AppIcon;
				DEVELOPMENT_TEAM = 6ZT386G464;
				INFOPLIST_FILE = FerrariQuizApp/Info.plist;
				LD_RUNPATH_SEARCH_PATHS = "$(inherited) @executable_path/Frameworks";
				PRODUCT_BUNDLE_IDENTIFIER = com.NathanielRemy.FerrariQuizApp;
				PRODUCT_NAME = "$(TARGET_NAME)";
				SWIFT_VERSION = 3.0;
			};
			name = Release;
		};
/* End XCBuildConfiguration section */

/* Begin XCConfigurationList section */
		AD20970C1E70ADD200F480AB /* Build configuration list for PBXProject "FerrariQuizApp" */ = {
			isa = XCConfigurationList;
			buildConfigurations = (
				AD2097211E70ADD300F480AB /* Debug */,
				AD2097221E70ADD300F480AB /* Release */,
			);
			defaultConfigurationIsVisible = 0;
			defaultConfigurationName = Release;
		};
		AD2097231E70ADD300F480AB /* Build configuration list for PBXNativeTarget "FerrariQuizApp" */ = {
			isa = XCConfigurationList;
			buildConfigurations = (
				AD2097241E70ADD300F480AB /* Debug */,
				AD2097251E70ADD300F480AB /* Release */,
			);
			defaultConfigurationIsVisible = 0;
			defaultConfigurationName = Release;
		};
/* End XCConfigurationList section */
	};
	rootObject = AD2097091E70ADD200F480AB /* Project object */;
}
